# THIS IS AN AUTOGENERATED FILE. DO NOT EDIT THIS FILE DIRECTLY.
# yarn lockfile v1


"@jimp/bmp@^0.8.4":
  version "0.8.4"
  resolved "https://registry.yarnpkg.com/@jimp/bmp/-/bmp-0.8.4.tgz#3246e0c6b073b3e2d9b61075ac0146d9124c9277"
  integrity sha512-Cf/V+SUyEVxCCP8q1emkarCHJ8NkLFcLp41VMqBihoR4ke0TIPfCSdgW/JXbM/28vvZ5a2bvMe6uOll6cFggvA==
  dependencies:
    "@jimp/utils" "^0.8.4"
    bmp-js "^0.1.0"
    core-js "^2.5.7"

"@jimp/core@^0.8.4":
  version "0.8.4"
  resolved "https://registry.yarnpkg.com/@jimp/core/-/core-0.8.4.tgz#fbdb3cb0823301381736e988674f14c282dc5c63"
  integrity sha512-3fK5UEOEQsfSDhsrAgBT6W8Up51qkeCj9RVjusxUaEGmix34PO/KTVfzURlu6NOpOUvtfNXsCq9xS7cxBTWSCA==
  dependencies:
    "@jimp/utils" "^0.8.4"
    any-base "^1.1.0"
    buffer "^5.2.0"
    core-js "^2.5.7"
    exif-parser "^0.1.12"
    file-type "^9.0.0"
    load-bmfont "^1.3.1"
    mkdirp "0.5.1"
    phin "^2.9.1"
    pixelmatch "^4.0.2"
    tinycolor2 "^1.4.1"

"@jimp/custom@^0.8.4":
  version "0.8.4"
  resolved "https://registry.yarnpkg.com/@jimp/custom/-/custom-0.8.4.tgz#abd61281ce12194ae23046ee71d60b754b515bc8"
  integrity sha512-iS/RB3QQKpm4QS8lxxtQzvYDMph9YvOn3d68gMM4pDKn95n3nt5/ySHFv6fQq/yzfox1OPdeYaXbOLvC3+ofqw==
  dependencies:
    "@jimp/core" "^0.8.4"
    core-js "^2.5.7"

"@jimp/gif@^0.8.4":
  version "0.8.4"
  resolved "https://registry.yarnpkg.com/@jimp/gif/-/gif-0.8.4.tgz#1429a71ed3b055f73d63c9b195fa7f0a46e947b5"
  integrity sha512-YpHZ7aWzmrviY7YigXRolHs6oBhGJItRry8fh3zebAgKth06GMv58ce84yXXOKX4yQ+QGd6GgOWzePx+KMP9TA==
  dependencies:
    "@jimp/utils" "^0.8.4"
    core-js "^2.5.7"
    omggif "^1.0.9"

"@jimp/jpeg@^0.8.4":
  version "0.8.4"
  resolved "https://registry.yarnpkg.com/@jimp/jpeg/-/jpeg-0.8.4.tgz#effde867116f88f59ac20b44b1a526b11caca026"
  integrity sha512-7exKk3LNPKJgsFzUPL+mOJtIEHcLp6yU9sVbULffVDjVUun6/Are2tCX8rCXZq28yiUhofzr61k5UqjkKFJXrA==
  dependencies:
    "@jimp/utils" "^0.8.4"
    core-js "^2.5.7"
    jpeg-js "^0.3.4"

"@jimp/plugin-blit@^0.8.4":
  version "0.8.4"
  resolved "https://registry.yarnpkg.com/@jimp/plugin-blit/-/plugin-blit-0.8.4.tgz#991b4199cc5506f0faae22b821b14ec93fbce1bb"
  integrity sha512-H9bpetmOUgEHpkDSRzbXLMXQhr34i8YicYV3EDeuHU8mKlAjtMbVpbp5ZN4mcadTz+EYdTdVNfQNsRCcIb5Oeg==
  dependencies:
    "@jimp/utils" "^0.8.4"
    core-js "^2.5.7"

"@jimp/plugin-blur@^0.8.4":
  version "0.8.4"
  resolved "https://registry.yarnpkg.com/@jimp/plugin-blur/-/plugin-blur-0.8.4.tgz#460f79c45eda7f24adf624a691134d6192d3dbb4"
  integrity sha512-gvEDWW7+MI9Hk1KKzuFliRdDPaofkxB4pRJ/n1hipDoOGcNYFqxx5FGNQ4wsGSDpQ+RiHZF+JGKKb+EIwHg+0Q==
  dependencies:
    "@jimp/utils" "^0.8.4"
    core-js "^2.5.7"

"@jimp/plugin-color@^0.8.4":
  version "0.8.4"
  resolved "https://registry.yarnpkg.com/@jimp/plugin-color/-/plugin-color-0.8.4.tgz#a9aa525421ea50bf2c1baec7618f73b7e4fc3464"
  integrity sha512-DHCGMxInCI1coXMIfdZJ5G/4hpt5yZLNB5+oUIxT4aClzyhUjqD4xOcnO7hlPY6LuX8+FX7cYMHhdMfhTXB3Dg==
  dependencies:
    "@jimp/utils" "^0.8.4"
    core-js "^2.5.7"
    tinycolor2 "^1.4.1"

"@jimp/plugin-contain@^0.8.4":
  version "0.8.4"
  resolved "https://registry.yarnpkg.com/@jimp/plugin-contain/-/plugin-contain-0.8.4.tgz#2db8c12de910490cd74f339e9414a968b8c9328e"
  integrity sha512-3wwLXig5LkOMg5FrNZrX/r99ehaA+0s3dkro3CiRg0Ez6Y0fz067so+HdsmqmoG78WY/dCdgdps/xLOW2VV4DQ==
  dependencies:
    "@jimp/utils" "^0.8.4"
    core-js "^2.5.7"

"@jimp/plugin-cover@^0.8.4":
  version "0.8.4"
  resolved "https://registry.yarnpkg.com/@jimp/plugin-cover/-/plugin-cover-0.8.4.tgz#a09bfbbe88129754ca35e281707bc5ed3f3f0c63"
  integrity sha512-U0xmSfGLmw0Ieiw00CM8DQ+XoQVBxbjsLE5To8EejnyLx5X+oNZ8r7E5EsQaushUlzij95IqMCloo+nCGhdYMw==
  dependencies:
    "@jimp/utils" "^0.8.4"
    core-js "^2.5.7"

"@jimp/plugin-crop@^0.8.4":
  version "0.8.4"
  resolved "https://registry.yarnpkg.com/@jimp/plugin-crop/-/plugin-crop-0.8.4.tgz#ca5bd359c4e4b2374777bae6130e8b94552932fa"
  integrity sha512-Neqs0K4cr7SU9nSte2qvGVh/8+K9ArH8mH1fWhZw4Zq8qD9NicX+g5hqmpmeSjOKD73t/jOmwvBevfJDu2KKSA==
  dependencies:
    "@jimp/utils" "^0.8.4"
    core-js "^2.5.7"

"@jimp/plugin-displace@^0.8.4":
  version "0.8.4"
  resolved "https://registry.yarnpkg.com/@jimp/plugin-displace/-/plugin-displace-0.8.4.tgz#c6d5cff889e52cb64194979967e6bd7fff4d5d1b"
  integrity sha512-qKCwAP2lAO3R8ofYaEF/Gh+sfcjzZLtEiYHzjx/mYvPpXS6Yvkvl28aUH8pwdJYT+QYGelHmOne0RJvjsac1NQ==
  dependencies:
    "@jimp/utils" "^0.8.4"
    core-js "^2.5.7"

"@jimp/plugin-dither@^0.8.4":
  version "0.8.4"
  resolved "https://registry.yarnpkg.com/@jimp/plugin-dither/-/plugin-dither-0.8.4.tgz#a2320d6a8c467cf7697109e0c5ed4ee3d3898b73"
  integrity sha512-19+y5VAO6d0keRne9eJCdOeB9X0LFuRdRSjgwl/57JtREeoPj+iKBg6REBl4atiSGd7/UCFg3wRtFOw24XFKgw==
  dependencies:
    "@jimp/utils" "^0.8.4"
    core-js "^2.5.7"

"@jimp/plugin-flip@^0.8.4":
  version "0.8.4"
  resolved "https://registry.yarnpkg.com/@jimp/plugin-flip/-/plugin-flip-0.8.4.tgz#08bf46470c3c0b4890691f554c28ccf17813746f"
  integrity sha512-1BtKtc8cANuGgiWyOmltQZaR3Y5Og/GS/db8wBpFNLJ33Ir5UAGN2raDtx4EYEd5okuRVFj3OP+wAZl69m72LQ==
  dependencies:
    "@jimp/utils" "^0.8.4"
    core-js "^2.5.7"

"@jimp/plugin-gaussian@^0.8.4":
  version "0.8.4"
  resolved "https://registry.yarnpkg.com/@jimp/plugin-gaussian/-/plugin-gaussian-0.8.4.tgz#f3be12c5f16c5670959ab711e69b2963f66f7b4f"
  integrity sha512-qYcVmiJn8l8uDZqk4FlB/qTV8fJgiJAh/xc/WKNEp2E8qFEgxoIPeimPHO8cJorEHqlh8I8l24OZkTkkEKaFfw==
  dependencies:
    "@jimp/utils" "^0.8.4"
    core-js "^2.5.7"

"@jimp/plugin-invert@^0.8.4":
  version "0.8.4"
  resolved "https://registry.yarnpkg.com/@jimp/plugin-invert/-/plugin-invert-0.8.4.tgz#fd4577beba2973f663164f5ee454b2172ca56b34"
  integrity sha512-OQ/dFDbBUmEd935Gitl5Pmgz+nLVyszwS0RqL6+G1U9EHYBeiHDrmY2sj7NgDjDEJYlRLxGlBRsTIPHzF3tdNw==
  dependencies:
    "@jimp/utils" "^0.8.4"
    core-js "^2.5.7"

"@jimp/plugin-mask@^0.8.4":
  version "0.8.4"
  resolved "https://registry.yarnpkg.com/@jimp/plugin-mask/-/plugin-mask-0.8.4.tgz#0dfe02a14530c3bddfc258e83bd3c979e53d15ef"
  integrity sha512-uqLdRGShHwCd9RHv8bMntTfDNDI2pcEeE7+F868P6PngWLKrzQCpuAyTnK6WK0ZN95fSsgy7TzCoesYk+FchkQ==
  dependencies:
    "@jimp/utils" "^0.8.4"
    core-js "^2.5.7"

"@jimp/plugin-normalize@^0.8.4":
  version "0.8.4"
  resolved "https://registry.yarnpkg.com/@jimp/plugin-normalize/-/plugin-normalize-0.8.4.tgz#aa2c3131082b6ceef2fb6222323db9f7d837447c"
  integrity sha512-+ihgQeVD8syWxw12F5ngUUdtlIcGDqH7hEoHcwVVGOFfaJqR4YBQR4FM3QLFFFdi2X/uK2nGJt9cMh0UaINEgw==
  dependencies:
    "@jimp/utils" "^0.8.4"
    core-js "^2.5.7"

"@jimp/plugin-print@^0.8.4":
  version "0.8.4"
  resolved "https://registry.yarnpkg.com/@jimp/plugin-print/-/plugin-print-0.8.4.tgz#c110d6e7632e3c9cf47ce395e36b0f3c1461a9ca"
  integrity sha512-Wg5tZI3hW5DG9Caz4wg4ZolS3Lvv4MFAxORPAeWeahDpHs38XZ7ydJ0KR39p2oWJPP0yIFv1fETYpU7BiJPRRw==
  dependencies:
    "@jimp/utils" "^0.8.4"
    core-js "^2.5.7"
    load-bmfont "^1.4.0"

"@jimp/plugin-resize@^0.8.4":
  version "0.8.4"
  resolved "https://registry.yarnpkg.com/@jimp/plugin-resize/-/plugin-resize-0.8.4.tgz#6690f50c98cfd89ac3682b58ba9623e7c46e0be6"
  integrity sha512-z9tumvsQja/YFTSeGvofYLvVws8LZYLYVW8l17hBETzfZQdVEvPOdWKkXqsAsK5uY9m8M5rH7kR8NZbCDVbyzA==
  dependencies:
    "@jimp/utils" "^0.8.4"
    core-js "^2.5.7"

"@jimp/plugin-rotate@^0.8.4":
  version "0.8.4"
  resolved "https://registry.yarnpkg.com/@jimp/plugin-rotate/-/plugin-rotate-0.8.4.tgz#bf3ea70d10123f1372507b74d06bfefb40b3e526"
  integrity sha512-PVxpt3DjqaUnHP6Nd3tzZjl4SYe/FYXszGTshtx51AMuvZLnpvekrrclYyc7Dc1Ry3kx3ma6UuLCvmf85hrdmw==
  dependencies:
    "@jimp/utils" "^0.8.4"
    core-js "^2.5.7"

"@jimp/plugin-scale@^0.8.4":
  version "0.8.4"
  resolved "https://registry.yarnpkg.com/@jimp/plugin-scale/-/plugin-scale-0.8.4.tgz#2de9cc80d49f6a36e4177b22e0ab1d4305331c2e"
  integrity sha512-PrBTOMJ5n4gbIvRNxWfc1MdgHw4vd5r1UOHRVuc6ZQ9Z/FueBuvIidnz7GBRHbsRm3IjckvsLfEL1nIK0Kqh3A==
  dependencies:
    "@jimp/utils" "^0.8.4"
    core-js "^2.5.7"

"@jimp/plugins@^0.8.4":
  version "0.8.4"
  resolved "https://registry.yarnpkg.com/@jimp/plugins/-/plugins-0.8.4.tgz#af24c0686aec327f3abcc50ba5bbae1df2113fb0"
  integrity sha512-Vd0oCe0bj7c+crHL6ee178q2c1o50UnbCmc0imHYg7M+pY8S1kl4ubZWwkAg2W96FCarGrm9eqPvCUyAdFOi9w==
  dependencies:
    "@jimp/plugin-blit" "^0.8.4"
    "@jimp/plugin-blur" "^0.8.4"
    "@jimp/plugin-color" "^0.8.4"
    "@jimp/plugin-contain" "^0.8.4"
    "@jimp/plugin-cover" "^0.8.4"
    "@jimp/plugin-crop" "^0.8.4"
    "@jimp/plugin-displace" "^0.8.4"
    "@jimp/plugin-dither" "^0.8.4"
    "@jimp/plugin-flip" "^0.8.4"
    "@jimp/plugin-gaussian" "^0.8.4"
    "@jimp/plugin-invert" "^0.8.4"
    "@jimp/plugin-mask" "^0.8.4"
    "@jimp/plugin-normalize" "^0.8.4"
    "@jimp/plugin-print" "^0.8.4"
    "@jimp/plugin-resize" "^0.8.4"
    "@jimp/plugin-rotate" "^0.8.4"
    "@jimp/plugin-scale" "^0.8.4"
    core-js "^2.5.7"
    timm "^1.6.1"

"@jimp/png@^0.8.4":
  version "0.8.4"
  resolved "https://registry.yarnpkg.com/@jimp/png/-/png-0.8.4.tgz#d150ddaaebafcda83d820390f62a4d3c409acc03"
  integrity sha512-DLj260SwQr9ZNhSto1BacXGNRhIQiLNOESPoq5DGjbqiPCmYNxE7CPlXB1BVh0T3AmZBjnZkZORU0Y9wTi3gJw==
  dependencies:
    "@jimp/utils" "^0.8.4"
    core-js "^2.5.7"
    pngjs "^3.3.3"

"@jimp/tiff@^0.8.4":
  version "0.8.4"
  resolved "https://registry.yarnpkg.com/@jimp/tiff/-/tiff-0.8.4.tgz#bc18c32cef996ad986a92bb7d926d6abd1db9d10"
  integrity sha512-SQmf1B/TbCtbwzJReLw/lzGqbeu8MOfT+wkaia0XWS72H6bEW66PTQKhB4/3uzC/Xnmsep1WNQITlwcWdgc36Q==
  dependencies:
    core-js "^2.5.7"
    utif "^2.0.1"

"@jimp/types@^0.8.4":
  version "0.8.4"
  resolved "https://registry.yarnpkg.com/@jimp/types/-/types-0.8.4.tgz#01df00a5adb955cb4ba79df1288408faa3bb40ed"
  integrity sha512-BCehQ5hrTOGDGdeROwXOYqgFGAzJPkuXmVJXgMgBoW1YjoGWhXJ5iShaJ/l7DRErrdezoWUdAhTFlV5bJf51dg==
  dependencies:
    "@jimp/bmp" "^0.8.4"
    "@jimp/gif" "^0.8.4"
    "@jimp/jpeg" "^0.8.4"
    "@jimp/png" "^0.8.4"
    "@jimp/tiff" "^0.8.4"
    core-js "^2.5.7"
    timm "^1.6.1"

"@jimp/utils@^0.8.4":
  version "0.8.4"
  resolved "https://registry.yarnpkg.com/@jimp/utils/-/utils-0.8.4.tgz#a6bbdc13dba99b95d4cabf0bde87b1bcd2230d25"
  integrity sha512-6Cwplao7IgwhFRijMvvyjdV7Sa7Fw71vS1aDsUDCVpi3XHsiLUM+nPTno6OKjzg2z2EufuolWPEvuq/GSte4lA==
  dependencies:
    core-js "^2.5.7"

ansi-escapes@^4.2.1:
  version "4.2.1"
  resolved "https://registry.yarnpkg.com/ansi-escapes/-/ansi-escapes-4.2.1.tgz#4dccdb846c3eee10f6d64dea66273eab90c37228"
  integrity sha512-Cg3ymMAdN10wOk/VYfLV7KCQyv7EDirJ64500sU7n9UlmioEtDuU5Gd+hj73hXSU/ex7tHJSssmyftDdkMLO8Q==
  dependencies:
    type-fest "^0.5.2"

ansi-regex@^4.1.0:
  version "4.1.0"
  resolved "https://registry.yarnpkg.com/ansi-regex/-/ansi-regex-4.1.0.tgz#8b9f8f08cf1acb843756a839ca8c7e3168c51997"
  integrity sha512-1apePfXM1UOSqw0o9IiFAovVz9M5S1Dg+4TrDwfMewQ6p/rmMueb7tWZjQ1rx4Loy1ArBggoqGpfqqdI4rondg==

ansi-styles@^3.2.1:
  version "3.2.1"
  resolved "https://registry.yarnpkg.com/ansi-styles/-/ansi-styles-3.2.1.tgz#41fbb20243e50b12be0f04b8dedbf07520ce841d"
  integrity sha512-VT0ZI6kZRdTh8YyJw3SMbYm/u+NqfsAxEpWO0Pf9sq8/e94WxxOpPKx9FR1FlyCtOVDNOQ+8ntlqFxiRc+r5qA==
  dependencies:
    color-convert "^1.9.0"

any-base@^1.1.0:
  version "1.1.0"
  resolved "https://registry.yarnpkg.com/any-base/-/any-base-1.1.0.tgz#ae101a62bc08a597b4c9ab5b7089d456630549fe"
  integrity sha512-uMgjozySS8adZZYePpaWs8cxB9/kdzmpX6SgJZ+wbz1K5eYk5QMYDVJaZKhxyIHUdnnJkfR7SVgStgH7LkGUyg==

async@~0.2.9:
  version "0.2.10"
  resolved "https://registry.yarnpkg.com/async/-/async-0.2.10.tgz#b6bbe0b0674b9d719708ca38de8c237cb526c3d1"
  integrity sha1-trvgsGdLnXGXCMo43owjfLUmw9E=

base64-js@^1.0.2:
  version "1.3.1"
  resolved "https://registry.yarnpkg.com/base64-js/-/base64-js-1.3.1.tgz#58ece8cb75dd07e71ed08c736abc5fac4dbf8df1"
  integrity sha512-mLQ4i2QO1ytvGWFWmcngKO//JXAQueZvwEKtjgQFM4jIK0kU+ytMfplL8j+n5mspOfjHwoAg+9yhb7BwAHm36g==

bmp-js@^0.1.0:
  version "0.1.0"
  resolved "https://registry.yarnpkg.com/bmp-js/-/bmp-js-0.1.0.tgz#e05a63f796a6c1ff25f4771ec7adadc148c07233"
  integrity sha1-4Fpj95amwf8l9Hcex62twUjAcjM=

buffer-equal@0.0.1:
  version "0.0.1"
  resolved "https://registry.yarnpkg.com/buffer-equal/-/buffer-equal-0.0.1.tgz#91bc74b11ea405bc916bc6aa908faafa5b4aac4b"
  integrity sha1-kbx0sR6kBbyRa8aqkI+q+ltKrEs=

buffer@^5.2.0:
  version "5.4.3"
  resolved "https://registry.yarnpkg.com/buffer/-/buffer-5.4.3.tgz#3fbc9c69eb713d323e3fc1a895eee0710c072115"
  integrity sha512-zvj65TkFeIt3i6aj5bIvJDzjjQQGs4o/sNoezg1F1kYap9Nu2jcUdpwzRSJTHMMzG0H7bZkn4rNQpImhuxWX2A==
  dependencies:
    base64-js "^1.0.2"
    ieee754 "^1.1.4"

cache-storage@~2.0.0:
  version "2.0.1"
  resolved "https://registry.yarnpkg.com/cache-storage/-/cache-storage-2.0.1.tgz#e5eb570c307e61e2a31119f5c326275b1fd22ce7"
  integrity sha1-5etXDDB+YeKjERn1wyYnWx/SLOc=
  dependencies:
    async "~0.2.9"
    moment "~2.5.0"
    redis "~0.10.0"

callsite@~1.0.0:
  version "1.0.0"
  resolved "https://registry.yarnpkg.com/callsite/-/callsite-1.0.0.tgz#280398e5d664bd74038b6f0905153e6e8af1bc20"
  integrity sha1-KAOY5dZkvXQDi28JBRU+borxvCA=

chalk@^2.4.2:
  version "2.4.2"
  resolved "https://registry.yarnpkg.com/chalk/-/chalk-2.4.2.tgz#cd42541677a54333cf541a49108c1432b44c9424"
  integrity sha512-Mti+f9lpJNcwF4tWV8/OrTTtF1gZi+f8FqlyAdouralcFWFQWF2+NgCHShjkCb+IFBLq9buZwE1xckQU4peSuQ==
  dependencies:
    ansi-styles "^3.2.1"
    escape-string-regexp "^1.0.5"
    supports-color "^5.3.0"

chardet@^0.7.0:
  version "0.7.0"
  resolved "https://registry.yarnpkg.com/chardet/-/chardet-0.7.0.tgz#90094849f0937f2eedc2425d0d28a9e5f0cbad9e"
  integrity sha512-mT8iDcrh03qDGRRmoA2hmBJnxpllMR+0/0qlzjqZES6NdiWDcZkCNAk4rPFZ9Q85r27unkiNNg8ZOiwZXBHwcA==

cli-cursor@^3.1.0:
  version "3.1.0"
  resolved "https://registry.yarnpkg.com/cli-cursor/-/cli-cursor-3.1.0.tgz#264305a7ae490d1d03bf0c9ba7c925d1753af307"
  integrity sha512-I/zHAwsKf9FqGoXM4WWRACob9+SNukZTd94DWF57E4toouRulbCxcUh6RKUEOQlYTHJnzkPMySvPNaaSLNfLZw==
  dependencies:
    restore-cursor "^3.1.0"

cli-width@^2.0.0:
  version "2.2.0"
  resolved "https://registry.yarnpkg.com/cli-width/-/cli-width-2.2.0.tgz#ff19ede8a9a5e579324147b0c11f0fbcbabed639"
  integrity sha1-/xnt6Kml5XkyQUewwR8PvLq+1jk=

color-convert@^1.9.0:
  version "1.9.3"
  resolved "https://registry.yarnpkg.com/color-convert/-/color-convert-1.9.3.tgz#bb71850690e1f136567de629d2d5471deda4c1e8"
  integrity sha512-QfAUtd+vFdAtFQcC8CCyYt1fYWxSqAiK2cSD6zDB8N3cpsEBAvRxp9zOGg6G/SHHJYAT88/az/IuDGALsNVbGg==
  dependencies:
    color-name "1.1.3"

color-name@1.1.3:
  version "1.1.3"
  resolved "https://registry.yarnpkg.com/color-name/-/color-name-1.1.3.tgz#a7d0558bd89c42f795dd42328f740831ca53bc25"
  integrity sha1-p9BVi9icQveV3UIyj3QIMcpTvCU=

commander@^3.0.1:
  version "3.0.1"
  resolved "https://registry.yarnpkg.com/commander/-/commander-3.0.1.tgz#4595aec3530525e671fb6f85fb173df8ff8bf57a"
  integrity sha512-UNgvDd+csKdc9GD4zjtkHKQbT8Aspt2jCBqNSPp53vAS0L1tS9sXB2TCEOPHJ7kt9bN/niWkYj8T3RQSoMXdSQ==

core-js@^2.5.7:
  version "2.6.9"
  resolved "https://registry.yarnpkg.com/core-js/-/core-js-2.6.9.tgz#6b4b214620c834152e179323727fc19741b084f2"
  integrity sha512-HOpZf6eXmnl7la+cUdMnLvUxKNqLUzJvgIziQ0DiF3JwSImNphIqdGqzj6hIKyX04MmV0poclQ7+wjWvxQyR2A==

csv-generate@^3.2.3:
  version "3.2.3"
  resolved "https://registry.yarnpkg.com/csv-generate/-/csv-generate-3.2.3.tgz#24004f21de61c2ea1c4474d3e65a18261f638a80"
  integrity sha512-IcR3K0Nx+nJAkcU2eAglVR7DuHnxcuhUM2w2cR+aHOW7bZp2S5LyN2HF3zTkp6BV/DjR6ykoKznUm+AjnWcOKg==

csv-parse@^4.4.6:
  version "4.4.6"
  resolved "https://registry.yarnpkg.com/csv-parse/-/csv-parse-4.4.6.tgz#08804dbe86037c46810d49ced77fa0e121f83b4f"
  integrity sha512-VisC5TBBhOF+70zjrF9FOiqI2LZOhXK/vAWlOrqyqz3lLa+P8jzJ7L/sg90MHmkSY/brAXWwrmGSZR0tM5yi4g==

csv-stringify@^5.3.3:
  version "5.3.3"
  resolved "https://registry.yarnpkg.com/csv-stringify/-/csv-stringify-5.3.3.tgz#c4725686a33db9f61e70d87af712285baefebe21"
  integrity sha512-q8Qj+/lN74LRmG7Mg0LauE5WcnJOD5MEGe1gI57IYJCB61KWuEbAFHm1uIPDkI26aqElyBB57SlE2GGwq2EY5A==

csv@^5.1.3:
  version "5.1.3"
  resolved "https://registry.yarnpkg.com/csv/-/csv-5.1.3.tgz#0ba228854f03769711cc45d71f771276d2ccbdbb"
  integrity sha512-uHPF5nxxFgcBQ/Mkicjh+IcQJeooIcN8gS/5mnvIdIccLh3Qf792jXE00ovdYDmABhE0yTMNCZgx3ZsBrR2GoQ==
  dependencies:
    csv-generate "^3.2.3"
    csv-parse "^4.4.6"
    csv-stringify "^5.3.3"
    stream-transform "^2.0.1"

define-properties@^1.1.2, define-properties@^1.1.3:
  version "1.1.3"
  resolved "https://registry.yarnpkg.com/define-properties/-/define-properties-1.1.3.tgz#cf88da6cbee26fe6db7094f61d870cbd84cee9f1"
  integrity sha512-3MqfYKj2lLzdMSf8ZIZE/V+Zuy+BgD6f164e8K2w7dgnpKArBDerGYpM46IYYcjnkdPNMjPk9A6VFB8+3SKlXQ==
  dependencies:
    object-keys "^1.0.12"

dom-walk@^0.1.0:
  version "0.1.1"
  resolved "https://registry.yarnpkg.com/dom-walk/-/dom-walk-0.1.1.tgz#672226dc74c8f799ad35307df936aba11acd6018"
  integrity sha1-ZyIm3HTI95mtNTB9+TaroRrNYBg=

emoji-regex@^8.0.0:
  version "8.0.0"
  resolved "https://registry.yarnpkg.com/emoji-regex/-/emoji-regex-8.0.0.tgz#e818fd69ce5ccfcb404594f842963bf53164cc37"
  integrity sha512-MSjYzcWNOA0ewAHpz0MxpYFvwg6yjy1NG3xteoqz644VCo/RPgnr1/GGt+ic3iJTzQ8Eu3TdM14SawnVUmGE6A==

es-abstract@^1.13.0, es-abstract@^1.5.1:
  version "1.14.2"
  resolved "https://registry.yarnpkg.com/es-abstract/-/es-abstract-1.14.2.tgz#7ce108fad83068c8783c3cdf62e504e084d8c497"
  integrity sha512-DgoQmbpFNOofkjJtKwr87Ma5EW4Dc8fWhD0R+ndq7Oc456ivUfGOOP6oAZTTKl5/CcNMP+EN+e3/iUzgE0veZg==
  dependencies:
    es-to-primitive "^1.2.0"
    function-bind "^1.1.1"
    has "^1.0.3"
    has-symbols "^1.0.0"
    is-callable "^1.1.4"
    is-regex "^1.0.4"
    object-inspect "^1.6.0"
    object-keys "^1.1.1"
    string.prototype.trimleft "^2.0.0"
    string.prototype.trimright "^2.0.0"

es-to-primitive@^1.2.0:
  version "1.2.0"
  resolved "https://registry.yarnpkg.com/es-to-primitive/-/es-to-primitive-1.2.0.tgz#edf72478033456e8dda8ef09e00ad9650707f377"
  integrity sha512-qZryBOJjV//LaxLTV6UC//WewneB3LcXOL9NP++ozKVXsIIIpm/2c13UDiD9Jp2eThsecw9m3jPqDwTyobcdbg==
  dependencies:
    is-callable "^1.1.4"
    is-date-object "^1.0.1"
    is-symbol "^1.0.2"

escape-regexp@~0.0.1:
  version "0.0.1"
  resolved "https://registry.yarnpkg.com/escape-regexp/-/escape-regexp-0.0.1.tgz#f44bda12d45bbdf9cb7f862ee7e4827b3dd32254"
  integrity sha1-9EvaEtRbvfnLf4Yu5+SCez3TIlQ=

escape-string-regexp@^1.0.5:
  version "1.0.5"
  resolved "https://registry.yarnpkg.com/escape-string-regexp/-/escape-string-regexp-1.0.5.tgz#1b61c0562190a8dff6ae3bb2cf0200ca130b86d4"
  integrity sha1-G2HAViGQqN/2rjuyzwIAyhMLhtQ=

exif-parser@^0.1.12:
  version "0.1.12"
  resolved "https://registry.yarnpkg.com/exif-parser/-/exif-parser-0.1.12.tgz#58a9d2d72c02c1f6f02a0ef4a9166272b7760922"
  integrity sha1-WKnS1ywCwfbwKg70qRZicrd2CSI=

external-editor@^3.0.3:
  version "3.1.0"
  resolved "https://registry.yarnpkg.com/external-editor/-/external-editor-3.1.0.tgz#cb03f740befae03ea4d283caed2741a83f335495"
  integrity sha512-hMQ4CX1p1izmuLYyZqLMO/qGNw10wSv9QDCPfzXfyFrOaCSSoRfqE1Kf1s5an66J5JZC62NewG+mK49jOCtQew==
  dependencies:
    chardet "^0.7.0"
    iconv-lite "^0.4.24"
    tmp "^0.0.33"

figures@^3.0.0:
  version "3.0.0"
  resolved "https://registry.yarnpkg.com/figures/-/figures-3.0.0.tgz#756275c964646163cc6f9197c7a0295dbfd04de9"
  integrity sha512-HKri+WoWoUgr83pehn/SIgLOMZ9nAWC6dcGj26RY2R4F50u4+RTUz0RCrUlOV3nKRAICW1UGzyb+kcX2qK1S/g==
  dependencies:
    escape-string-regexp "^1.0.5"

file-type@^9.0.0:
  version "9.0.0"
  resolved "https://registry.yarnpkg.com/file-type/-/file-type-9.0.0.tgz#a68d5ad07f486414dfb2c8866f73161946714a18"
  integrity sha512-Qe/5NJrgIOlwijpq3B7BEpzPFcgzggOTagZmkXQY4LA6bsXKTUstK7Wp12lEJ/mLKTpvIZxmIuRcLYWT6ov9lw==

for-each@^0.3.3:
  version "0.3.3"
  resolved "https://registry.yarnpkg.com/for-each/-/for-each-0.3.3.tgz#69b447e88a0a5d32c3e7084f3f1710034b21376e"
  integrity sha512-jqYfLp7mo9vIyQf8ykW2v7A+2N4QjeCeI5+Dz9XraiO1ign81wjiH7Fb9vSOWvQfNtmSa4H2RoQTrrXivdUZmw==
  dependencies:
    is-callable "^1.1.3"

fs-finder@~1.8.0:
  version "1.8.1"
  resolved "https://registry.yarnpkg.com/fs-finder/-/fs-finder-1.8.1.tgz#106fea8aa89d0af343360663d5855862cae1b874"
  integrity sha1-EG/qiqidCvNDNgZj1YVYYsrhuHQ=
  dependencies:
    async "~0.2.9"
    escape-regexp "~0.0.1"
    moment "~2.5.0"
    operator-compare "~1.0.1"
    q "~1.0.0"

fs@^0.0.1-security:
  version "0.0.1-security"
  resolved "https://registry.yarnpkg.com/fs/-/fs-0.0.1-security.tgz#8a7bd37186b6dddf3813f23858b57ecaaf5e41d4"
  integrity sha1-invTcYa23d84E/I4WLV+yq9eQdQ=

function-bind@^1.1.1:
  version "1.1.1"
  resolved "https://registry.yarnpkg.com/function-bind/-/function-bind-1.1.1.tgz#a56899d3ea3c9bab874bb9773b7c5ede92f4895d"
  integrity sha512-yIovAzMX49sF8Yl58fSCWJ5svSLuaibPxXQJFLmBObTuCr0Mf1KiPopGM9NiFjiYBCbfaa2Fh6breQ6ANVTI0A==

global@~4.3.0:
  version "4.3.2"
  resolved "https://registry.yarnpkg.com/global/-/global-4.3.2.tgz#e76989268a6c74c38908b1305b10fc0e394e9d0f"
  integrity sha1-52mJJopsdMOJCLEwWxD8DjlOnQ8=
  dependencies:
    min-document "^2.19.0"
    process "~0.5.1"

has-flag@^3.0.0:
  version "3.0.0"
  resolved "https://registry.yarnpkg.com/has-flag/-/has-flag-3.0.0.tgz#b5d454dc2199ae225699f3467e5a07f3b955bafd"
  integrity sha1-tdRU3CGZriJWmfNGfloH87lVuv0=

has-symbols@^1.0.0:
  version "1.0.0"
  resolved "https://registry.yarnpkg.com/has-symbols/-/has-symbols-1.0.0.tgz#ba1a8f1af2a0fc39650f5c850367704122063b44"
  integrity sha1-uhqPGvKg/DllD1yFA2dwQSIGO0Q=

has@^1.0.1, has@^1.0.3:
  version "1.0.3"
  resolved "https://registry.yarnpkg.com/has/-/has-1.0.3.tgz#722d7cbfc1f6aa8241f16dd814e011e1f41e8796"
  integrity sha512-f2dvO0VU6Oej7RkWJGrehjbzMAjFp5/VKPp5tTpWIV4JHHZK1/BxbFRtf/siA2SWTe09caDmVtYYzWEIbBS4zw==
  dependencies:
    function-bind "^1.1.1"

iconv-lite@^0.4.24:
  version "0.4.24"
  resolved "https://registry.yarnpkg.com/iconv-lite/-/iconv-lite-0.4.24.tgz#2022b4b25fbddc21d2f524974a474aafe733908b"
  integrity sha512-v3MXnZAcvnywkTUEZomIActle7RXXeedOR31wwl7VlyoXO4Qi9arvSenNQWne1TcRwhCL1HwLI21bEqdpj8/rA==
  dependencies:
    safer-buffer ">= 2.1.2 < 3"

ieee754@^1.1.4:
  version "1.1.13"
  resolved "https://registry.yarnpkg.com/ieee754/-/ieee754-1.1.13.tgz#ec168558e95aa181fd87d37f55c32bbcb6708b84"
  integrity sha512-4vf7I2LYV/HaWerSo3XmlMkp5eZ83i+/CDluXi/IGTs/O1sejBNhTtnxzmRZfvOUqj7lZjqHkeTvpgSFDlWZTg==

imageinfo@^1.0.4:
  version "1.0.4"
  resolved "https://registry.yarnpkg.com/imageinfo/-/imageinfo-1.0.4.tgz#1dd2456ecb96fc395f0aa1179c467dfb3d5d7a2a"
  integrity sha1-HdJFbsuW/DlfCqEXnEZ9+z1deio=

inquirer@^7.0.0:
  version "7.0.0"
  resolved "https://registry.yarnpkg.com/inquirer/-/inquirer-7.0.0.tgz#9e2b032dde77da1db5db804758b8fea3a970519a"
  integrity sha512-rSdC7zelHdRQFkWnhsMu2+2SO41mpv2oF2zy4tMhmiLWkcKbOAs87fWAJhVXttKVwhdZvymvnuM95EyEXg2/tQ==
  dependencies:
    ansi-escapes "^4.2.1"
    chalk "^2.4.2"
    cli-cursor "^3.1.0"
    cli-width "^2.0.0"
    external-editor "^3.0.3"
    figures "^3.0.0"
    lodash "^4.17.15"
    mute-stream "0.0.8"
    run-async "^2.2.0"
    rxjs "^6.4.0"
    string-width "^4.1.0"
    strip-ansi "^5.1.0"
    through "^2.3.6"

is-callable@^1.1.3, is-callable@^1.1.4:
  version "1.1.4"
  resolved "https://registry.yarnpkg.com/is-callable/-/is-callable-1.1.4.tgz#1e1adf219e1eeb684d691f9d6a05ff0d30a24d75"
  integrity sha512-r5p9sxJjYnArLjObpjA4xu5EKI3CuKHkJXMhT7kwbpUyIFD1n5PMAsoPvWnvtZiNz7LjkYDRZhd7FlI0eMijEA==

is-date-object@^1.0.1:
  version "1.0.1"
  resolved "https://registry.yarnpkg.com/is-date-object/-/is-date-object-1.0.1.tgz#9aa20eb6aeebbff77fbd33e74ca01b33581d3a16"
  integrity sha1-mqIOtq7rv/d/vTPnTKAbM1gdOhY=

is-fullwidth-code-point@^3.0.0:
  version "3.0.0"
  resolved "https://registry.yarnpkg.com/is-fullwidth-code-point/-/is-fullwidth-code-point-3.0.0.tgz#f116f8064fe90b3f7844a38997c0b75051269f1d"
  integrity sha512-zymm5+u+sCsSWyD9qNaejV3DFvhCKclKdizYaJUuHA83RLjb7nSuGnddCHGv0hk+KY7BMAlsWeK4Ueg6EV6XQg==

is-function@^1.0.1:
  version "1.0.1"
  resolved "https://registry.yarnpkg.com/is-function/-/is-function-1.0.1.tgz#12cfb98b65b57dd3d193a3121f5f6e2f437602b5"
  integrity sha1-Es+5i2W1fdPRk6MSH19uL0N2ArU=

is-promise@^2.1.0:
  version "2.1.0"
  resolved "https://registry.yarnpkg.com/is-promise/-/is-promise-2.1.0.tgz#79a2a9ece7f096e80f36d2b2f3bc16c1ff4bf3fa"
  integrity sha1-eaKp7OfwlugPNtKy87wWwf9L8/o=

is-regex@^1.0.4:
  version "1.0.4"
  resolved "https://registry.yarnpkg.com/is-regex/-/is-regex-1.0.4.tgz#5517489b547091b0930e095654ced25ee97e9491"
  integrity sha1-VRdIm1RwkbCTDglWVM7SXul+lJE=
  dependencies:
    has "^1.0.1"

is-symbol@^1.0.2:
  version "1.0.2"
  resolved "https://registry.yarnpkg.com/is-symbol/-/is-symbol-1.0.2.tgz#a055f6ae57192caee329e7a860118b497a950f38"
  integrity sha512-HS8bZ9ox60yCJLH9snBpIwv9pYUAkcuLhSA1oero1UB5y9aiQpRA8y2ex945AOtCZL1lJDeIk3G5LthswI46Lw==
  dependencies:
    has-symbols "^1.0.0"

jimp@^0.8.4:
  version "0.8.4"
  resolved "https://registry.yarnpkg.com/jimp/-/jimp-0.8.4.tgz#9c7c6ee4c8992e585a60914c62aee0c5e5c7955b"
  integrity sha512-xCPvd2HIH8iR7+gWVnivzXwiQGnLBmLDpaEj5M0vQf3uur5MuLCOWbBduAdk6r3ur8X0kwgM4eEM0i7o+k9x9g==
  dependencies:
    "@jimp/custom" "^0.8.4"
    "@jimp/plugins" "^0.8.4"
    "@jimp/types" "^0.8.4"
    core-js "^2.5.7"
    regenerator-runtime "^0.13.3"

jpeg-js@^0.3.4:
  version "0.3.6"
  resolved "https://registry.yarnpkg.com/jpeg-js/-/jpeg-js-0.3.6.tgz#c40382aac9506e7d1f2d856eb02f6c7b2a98b37c"
  integrity sha512-MUj2XlMB8kpe+8DJUGH/3UJm4XpI8XEgZQ+CiHDeyrGoKPdW/8FJv6ku+3UiYm5Fz3CWaL+iXmD8Q4Ap6aC1Jw==

load-bmfont@^1.3.1, load-bmfont@^1.4.0:
  version "1.4.0"
  resolved "https://registry.yarnpkg.com/load-bmfont/-/load-bmfont-1.4.0.tgz#75f17070b14a8c785fe7f5bee2e6fd4f98093b6b"
  integrity sha512-kT63aTAlNhZARowaNYcY29Fn/QYkc52M3l6V1ifRcPewg2lvUZDAj7R6dXjOL9D0sict76op3T5+odumDSF81g==
  dependencies:
    buffer-equal "0.0.1"
    mime "^1.3.4"
    parse-bmfont-ascii "^1.0.3"
    parse-bmfont-binary "^1.0.5"
    parse-bmfont-xml "^1.1.4"
    phin "^2.9.1"
    xhr "^2.0.1"
    xtend "^4.0.0"

lodash@^4.17.15:
  version "4.17.19"
  resolved "https://registry.yarnpkg.com/lodash/-/lodash-4.17.19.tgz#e48ddedbe30b3321783c5b4301fbd353bc1e4a4b"
  integrity sha512-JNvd8XER9GQX0v2qJgsaN/mzFCNA5BRe/j8JN9d+tWyGLSodKQHKFicdwNYzWwI3wjRnaKPsGj1XkBjx/F96DQ==

mime@^1.3.4:
  version "1.6.0"
  resolved "https://registry.yarnpkg.com/mime/-/mime-1.6.0.tgz#32cd9e5c64553bd58d19a568af452acff04981b1"
  integrity sha512-x0Vn8spI+wuJ1O6S7gnbaQg8Pxh4NNHb7KSINmEWKiPE4RKOplvijn+NkmYmmRgP68mc70j2EbeTFRsrswaQeg==

mimic-fn@^2.1.0:
  version "2.1.0"
  resolved "https://registry.yarnpkg.com/mimic-fn/-/mimic-fn-2.1.0.tgz#7ed2c2ccccaf84d3ffcb7a69b57711fc2083401b"
  integrity sha512-OqbOk5oEQeAZ8WXWydlu9HJjz9WVdEIvamMCcXmuqUYjTknH/sqsWvhQ3vgwKFRR1HpjvNBKQ37nbJgYzGqGcg==

min-document@^2.19.0:
  version "2.19.0"
  resolved "https://registry.yarnpkg.com/min-document/-/min-document-2.19.0.tgz#7bd282e3f5842ed295bb748cdd9f1ffa2c824685"
  integrity sha1-e9KC4/WELtKVu3SM3Z8f+iyCRoU=
  dependencies:
    dom-walk "^0.1.0"

minimist@0.0.8:
  version "0.0.8"
  resolved "https://registry.yarnpkg.com/minimist/-/minimist-0.0.8.tgz#857fcabfc3397d2625b8228262e86aa7a011b05d"
  integrity sha1-hX/Kv8M5fSYluCKCYuhqp6ARsF0=

mixme@^0.3.1:
  version "0.3.2"
  resolved "https://registry.yarnpkg.com/mixme/-/mixme-0.3.2.tgz#cbda53e3009da0b5035361954232019d776720da"
  integrity sha512-tilCZOvIhRETXJuTmxxpz8mgplF7gmFhcH05JuR/YL+JLO98gLRQ1Mk4XpYQxxbPMKupSOv+Bidw7EKv8wds1w==

mkdirp@0.5.1:
  version "0.5.1"
  resolved "https://registry.yarnpkg.com/mkdirp/-/mkdirp-0.5.1.tgz#30057438eac6cf7f8c4767f38648d6697d75c903"
  integrity sha1-MAV0OOrGz3+MR2fzhkjWaX11yQM=
  dependencies:
    minimist "0.0.8"

moment@~2.5.0:
  version "2.5.1"
  resolved "https://registry.yarnpkg.com/moment/-/moment-2.5.1.tgz#7146a3900533064ca799d5e792f4e480ee0e82bc"
  integrity sha1-cUajkAUzBkynmdXnkvTkgO4Ogrw=

mute-stream@0.0.8:
  version "0.0.8"
  resolved "https://registry.yarnpkg.com/mute-stream/-/mute-stream-0.0.8.tgz#1630c42b2251ff81e2a283de96a5497ea92e5e0d"
  integrity sha512-nnbWWOkoWyUsTjKrhgD0dcz22mdkSnpYqbEjIm2nhwhuxlSkpywJmBo8h0ZqJdkp73mb90SssHkN4rsRaBAfAA==

normalize-arguments@~1.2.0:
  version "1.2.1"
  resolved "https://registry.yarnpkg.com/normalize-arguments/-/normalize-arguments-1.2.1.tgz#ca4281c12c8505cd0b2543d7204ae69ec5c7fd49"
  integrity sha1-ykKBwSyFBc0LJUPXIErmnsXH/Uk=

object-inspect@^1.6.0:
  version "1.6.0"
  resolved "https://registry.yarnpkg.com/object-inspect/-/object-inspect-1.6.0.tgz#c70b6cbf72f274aab4c34c0c82f5167bf82cf15b"
  integrity sha512-GJzfBZ6DgDAmnuaM3104jR4s1Myxr3Y3zfIyN4z3UdqN69oSRacNK8UhnobDdC+7J2AHCjGwxQubNJfE70SXXQ==

object-keys@^1.0.12, object-keys@^1.1.1:
  version "1.1.1"
  resolved "https://registry.yarnpkg.com/object-keys/-/object-keys-1.1.1.tgz#1c47f272df277f3b1daf061677d9c82e2322c60e"
  integrity sha512-NuAESUOUMrlIXOfHKzD6bpPu3tYt3xvjNdRIQ+FeT0lNb4K8WR70CaDxhuNguS2XG+GjkyMwOzsN5ZktImfhLA==

object.getownpropertydescriptors@^2.0.3:
  version "2.0.3"
  resolved "https://registry.yarnpkg.com/object.getownpropertydescriptors/-/object.getownpropertydescriptors-2.0.3.tgz#8758c846f5b407adab0f236e0986f14b051caa16"
  integrity sha1-h1jIRvW0B62rDyNuCYbxSwUcqhY=
  dependencies:
    define-properties "^1.1.2"
    es-abstract "^1.5.1"

omggif@^1.0.9:
  version "1.0.10"
  resolved "https://registry.yarnpkg.com/omggif/-/omggif-1.0.10.tgz#ddaaf90d4a42f532e9e7cb3a95ecdd47f17c7b19"
  integrity sha512-LMJTtvgc/nugXj0Vcrrs68Mn2D1r0zf630VNtqtpI1FEO7e+O9FP4gqs9AcnBaSEeoHIPm28u6qgPR0oyEpGSw==

onetime@^5.1.0:
  version "5.1.0"
  resolved "https://registry.yarnpkg.com/onetime/-/onetime-5.1.0.tgz#fff0f3c91617fe62bb50189636e99ac8a6df7be5"
  integrity sha512-5NcSkPHhwTVFIQN+TUqXoS5+dlElHXdpAWu9I0HP20YOtIi+aZ0Ct82jdlILDxjLEAWwvm+qj1m6aEtsDVmm6Q==
  dependencies:
    mimic-fn "^2.1.0"

operator-compare@~1.0.1:
  version "1.0.3"
  resolved "https://registry.yarnpkg.com/operator-compare/-/operator-compare-1.0.3.tgz#8d06d094bc1b83a607fc9c9f3800447886591af9"
  integrity sha1-jQbQlLwbg6YH/JyfOABEeIZZGvk=

os-tmpdir@~1.0.2:
  version "1.0.2"
  resolved "https://registry.yarnpkg.com/os-tmpdir/-/os-tmpdir-1.0.2.tgz#bbe67406c79aa85c5cfec766fe5734555dfa1274"
  integrity sha1-u+Z0BseaqFxc/sdm/lc0VV36EnQ=

pako@^1.0.5:
  version "1.0.10"
  resolved "https://registry.yarnpkg.com/pako/-/pako-1.0.10.tgz#4328badb5086a426aa90f541977d4955da5c9732"
  integrity sha512-0DTvPVU3ed8+HNXOu5Bs+o//Mbdj9VNQMUOe9oKCwh8l0GNwpTDMKCWbRjgtD291AWnkAgkqA/LOnQS8AmS1tw==

parse-bmfont-ascii@^1.0.3:
  version "1.0.6"
  resolved "https://registry.yarnpkg.com/parse-bmfont-ascii/-/parse-bmfont-ascii-1.0.6.tgz#11ac3c3ff58f7c2020ab22769079108d4dfa0285"
  integrity sha1-Eaw8P/WPfCAgqyJ2kHkQjU36AoU=

parse-bmfont-binary@^1.0.5:
  version "1.0.6"
  resolved "https://registry.yarnpkg.com/parse-bmfont-binary/-/parse-bmfont-binary-1.0.6.tgz#d038b476d3e9dd9db1e11a0b0e53a22792b69006"
  integrity sha1-0Di0dtPp3Z2x4RoLDlOiJ5K2kAY=

parse-bmfont-xml@^1.1.4:
  version "1.1.4"
  resolved "https://registry.yarnpkg.com/parse-bmfont-xml/-/parse-bmfont-xml-1.1.4.tgz#015319797e3e12f9e739c4d513872cd2fa35f389"
  integrity sha512-bjnliEOmGv3y1aMEfREMBJ9tfL3WR0i0CKPj61DnSLaoxWR3nLrsQrEbCId/8rF4NyRF0cCqisSVXyQYWM+mCQ==
  dependencies:
    xml-parse-from-string "^1.0.0"
    xml2js "^0.4.5"

parse-headers@^2.0.0:
  version "2.0.2"
  resolved "https://registry.yarnpkg.com/parse-headers/-/parse-headers-2.0.2.tgz#9545e8a4c1ae5eaea7d24992bca890281ed26e34"
  integrity sha512-/LypJhzFmyBIDYP9aDVgeyEb5sQfbfY5mnDq4hVhlQ69js87wXfmEI5V3xI6vvXasqebp0oCytYFLxsBVfCzSg==
  dependencies:
    for-each "^0.3.3"
    string.prototype.trim "^1.1.2"

phin@^2.9.1:
  version "2.9.3"
  resolved "https://registry.yarnpkg.com/phin/-/phin-2.9.3.tgz#f9b6ac10a035636fb65dfc576aaaa17b8743125c"
  integrity sha512-CzFr90qM24ju5f88quFC/6qohjC144rehe5n6DH900lgXmUe86+xCKc10ev56gRKC4/BkHUoG4uSiQgBiIXwDA==

pixelmatch@^4.0.2:
  version "4.0.2"
  resolved "https://registry.yarnpkg.com/pixelmatch/-/pixelmatch-4.0.2.tgz#8f47dcec5011b477b67db03c243bc1f3085e8854"
  integrity sha1-j0fc7FARtHe2fbA8JDvB8wheiFQ=
  dependencies:
    pngjs "^3.0.0"

pngjs@^3.0.0, pngjs@^3.3.3:
  version "3.4.0"
  resolved "https://registry.yarnpkg.com/pngjs/-/pngjs-3.4.0.tgz#99ca7d725965fb655814eaf65f38f12bbdbf555f"
  integrity sha512-NCrCHhWmnQklfH4MtJMRjZ2a8c80qXeMlQMv2uVp9ISJMTt562SbGd6n2oq0PaPgKm7Z6pL9E2UlLIhC+SHL3w==

process@~0.5.1:
  version "0.5.2"
  resolved "https://registry.yarnpkg.com/process/-/process-0.5.2.tgz#1638d8a8e34c2f440a91db95ab9aeb677fc185cf"
  integrity sha1-FjjYqONML0QKkduVq5rrZ3/Bhc8=

q@~1.0.0:
  version "1.0.1"
  resolved "https://registry.yarnpkg.com/q/-/q-1.0.1.tgz#11872aeedee89268110b10a718448ffb10112a14"
  integrity sha1-EYcq7t7okmgRCxCnGESP+xARKhQ=

redis@~0.10.0:
  version "0.10.3"
  resolved "https://registry.yarnpkg.com/redis/-/redis-0.10.3.tgz#8927fe2110ee39617bcf3fd37b89d8e123911bb6"
  integrity sha1-iSf+IRDuOWF7zz/Te4nY4SORG7Y=

regenerator-runtime@^0.13.3:
  version "0.13.3"
  resolved "https://registry.yarnpkg.com/regenerator-runtime/-/regenerator-runtime-0.13.3.tgz#7cf6a77d8f5c6f60eb73c5fc1955b2ceb01e6bf5"
  integrity sha512-naKIZz2GQ8JWh///G7L3X6LaQUAMp2lvb1rvwwsURe/VXwD6VMfr+/1NuNw3ag8v2kY1aQ/go5SNn79O9JU7yw==

restore-cursor@^3.1.0:
  version "3.1.0"
  resolved "https://registry.yarnpkg.com/restore-cursor/-/restore-cursor-3.1.0.tgz#39f67c54b3a7a58cea5236d95cf0034239631f7e"
  integrity sha512-l+sSefzHpj5qimhFSE5a8nufZYAM3sBSVMAPtYkmC+4EH2anSGaEMXSD0izRQbu9nfyQ9y5JrVmp7E8oZrUjvA==
  dependencies:
    onetime "^5.1.0"
    signal-exit "^3.0.2"

run-async@^2.2.0:
  version "2.3.0"
  resolved "https://registry.yarnpkg.com/run-async/-/run-async-2.3.0.tgz#0371ab4ae0bdd720d4166d7dfda64ff7a445a6c0"
  integrity sha1-A3GrSuC91yDUFm19/aZP96RFpsA=
  dependencies:
    is-promise "^2.1.0"

rxjs@^6.4.0:
  version "6.5.3"
  resolved "https://registry.yarnpkg.com/rxjs/-/rxjs-6.5.3.tgz#510e26317f4db91a7eb1de77d9dd9ba0a4899a3a"
  integrity sha512-wuYsAYYFdWTAnAaPoKGNhfpWwKZbJW+HgAJ+mImp+Epl7BG8oNWBCTyRM8gba9k4lk8BgWdoYm21Mo/RYhhbgA==
  dependencies:
    tslib "^1.9.0"

"safer-buffer@>= 2.1.2 < 3":
  version "2.1.2"
  resolved "https://registry.yarnpkg.com/safer-buffer/-/safer-buffer-2.1.2.tgz#44fa161b0187b9549dd84bb91802f9bd8385cd6a"
  integrity sha512-YZo3K82SD7Riyi0E1EQPojLz7kpepnSQI9IyPbHHg1XXXevb5dJI7tpyN2ADxGcQbHG7vcyRHk0cbwqcQriUtg==

sax@>=0.6.0:
  version "1.2.4"
  resolved "https://registry.yarnpkg.com/sax/-/sax-1.2.4.tgz#2816234e2378bddc4e5354fab5caa895df7100d9"
  integrity sha512-NqVDv9TpANUjFm0N8uM5GxL36UgKi9/atZw+x7YFnQ8ckwFGKrl4xX4yWtrey3UJm5nP1kUbnYgLopqWNSRhWw==

signal-exit@^3.0.2:
  version "3.0.2"
  resolved "https://registry.yarnpkg.com/signal-exit/-/signal-exit-3.0.2.tgz#b5fdc08f1287ea1178628e415e25132b73646c6d"
  integrity sha1-tf3AjxKH6hF4Yo5BXiUTK3NkbG0=

stream-transform@^2.0.1:
  version "2.0.1"
  resolved "https://registry.yarnpkg.com/stream-transform/-/stream-transform-2.0.1.tgz#112ef2b4d8b9b517f9a6994b0bf7b946fa4d51bc"
  integrity sha512-GiTcO/rRvZP2R8WPwxmxCFP+Of1yIATuFAmYkvSLDfcD93X2WHiPwdgIqeFT2CvL1gyAsjQvu1nB6RDNQ5b2jw==
  dependencies:
    mixme "^0.3.1"

string-width@^4.1.0:
  version "4.1.0"
  resolved "https://registry.yarnpkg.com/string-width/-/string-width-4.1.0.tgz#ba846d1daa97c3c596155308063e075ed1c99aff"
  integrity sha512-NrX+1dVVh+6Y9dnQ19pR0pP4FiEIlUvdTGn8pw6CKTNq5sgib2nIhmUNT5TAmhWmvKr3WcxBcP3E8nWezuipuQ==
  dependencies:
    emoji-regex "^8.0.0"
    is-fullwidth-code-point "^3.0.0"
    strip-ansi "^5.2.0"

string.prototype.trim@^1.1.2:
  version "1.2.0"
  resolved "https://registry.yarnpkg.com/string.prototype.trim/-/string.prototype.trim-1.2.0.tgz#75a729b10cfc1be439543dae442129459ce61e3d"
  integrity sha512-9EIjYD/WdlvLpn987+ctkLf0FfvBefOCuiEr2henD8X+7jfwPnyvTdmW8OJhj5p+M0/96mBdynLWkxUr+rHlpg==
  dependencies:
    define-properties "^1.1.3"
    es-abstract "^1.13.0"
    function-bind "^1.1.1"

string.prototype.trimleft@^2.0.0:
  version "2.1.0"
  resolved "https://registry.yarnpkg.com/string.prototype.trimleft/-/string.prototype.trimleft-2.1.0.tgz#6cc47f0d7eb8d62b0f3701611715a3954591d634"
  integrity sha512-FJ6b7EgdKxxbDxc79cOlok6Afd++TTs5szo+zJTUyow3ycrRfJVE2pq3vcN53XexvKZu/DJMDfeI/qMiZTrjTw==
  dependencies:
    define-properties "^1.1.3"
    function-bind "^1.1.1"

string.prototype.trimright@^2.0.0:
  version "2.1.0"
  resolved "https://registry.yarnpkg.com/string.prototype.trimright/-/string.prototype.trimright-2.1.0.tgz#669d164be9df9b6f7559fa8e89945b168a5a6c58"
  integrity sha512-fXZTSV55dNBwv16uw+hh5jkghxSnc5oHq+5K/gXgizHwAvMetdAJlHqqoFC1FSDVPYWLkAKl2cxpUT41sV7nSg==
  dependencies:
    define-properties "^1.1.3"
    function-bind "^1.1.1"

strip-ansi@^5.1.0, strip-ansi@^5.2.0:
  version "5.2.0"
  resolved "https://registry.yarnpkg.com/strip-ansi/-/strip-ansi-5.2.0.tgz#8c9a536feb6afc962bdfa5b104a5091c1ad9c0ae"
  integrity sha512-DuRs1gKbBqsMKIZlrffwlug8MHkcnpjs5VPmL1PAh+mA30U0DTotfDZ0d2UUsXpPmPmMMJ6W773MaA3J+lbiWA==
  dependencies:
    ansi-regex "^4.1.0"

supports-color@^5.3.0:
  version "5.5.0"
  resolved "https://registry.yarnpkg.com/supports-color/-/supports-color-5.5.0.tgz#e2e69a44ac8772f78a1ec0b35b689df6530efc8f"
  integrity sha512-QjVjwdXIt408MIiAqCX4oUKsgU2EqAGzs2Ppkm4aQYbjm+ZEWEcW4SfFNTr4uMNZma0ey4f5lgLrkB0aX0QMow==
  dependencies:
    has-flag "^3.0.0"

through@^2.3.6:
  version "2.3.8"
  resolved "https://registry.yarnpkg.com/through/-/through-2.3.8.tgz#0dd4c9ffaabc357960b1b724115d7e0e86a2e1f5"
  integrity sha1-DdTJ/6q8NXlgsbckEV1+Doai4fU=

timm@^1.6.1:
  version "1.6.2"
  resolved "https://registry.yarnpkg.com/timm/-/timm-1.6.2.tgz#dfd8c6719f7ba1fcfc6295a32670a1c6d166c0bd"
  integrity sha512-IH3DYDL1wMUwmIlVmMrmesw5lZD6N+ZOAFWEyLrtpoL9Bcrs9u7M/vyOnHzDD2SMs4irLkVjqxZbHrXStS/Nmw==

tinycolor2@^1.4.1:
  version "1.4.1"
  resolved "https://registry.yarnpkg.com/tinycolor2/-/tinycolor2-1.4.1.tgz#f4fad333447bc0b07d4dc8e9209d8f39a8ac77e8"
  integrity sha1-9PrTM0R7wLB9TcjpIJ2POaisd+g=

tmp@^0.0.33:
  version "0.0.33"
  resolved "https://registry.yarnpkg.com/tmp/-/tmp-0.0.33.tgz#6d34335889768d21b2bcda0aa277ced3b1bfadf9"
  integrity sha512-jRCJlojKnZ3addtTOjdIqoRuPEKBvNXcGYqzO6zWZX8KfKEpnGY5jfggJQ3EjKuu8D4bJRr0y+cYJFmYbImXGw==
  dependencies:
    os-tmpdir "~1.0.2"

translator@^1.9.1:
  version "1.9.1"
  resolved "https://registry.yarnpkg.com/translator/-/translator-1.9.1.tgz#18be0543c5b2958435e9127d909750feecedc437"
  integrity sha1-GL4FQ8WylYQ16RJ9kJdQ/uztxDc=
  dependencies:
    cache-storage "~2.0.0"
    callsite "~1.0.0"
    fs-finder "~1.8.0"
    normalize-arguments "~1.2.0"

tslib@^1.9.0:
  version "1.10.0"
  resolved "https://registry.yarnpkg.com/tslib/-/tslib-1.10.0.tgz#c3c19f95973fb0a62973fb09d90d961ee43e5c8a"
  integrity sha512-qOebF53frne81cf0S9B41ByenJ3/IuH8yJKngAX35CmiZySA0khhkovshKK+jGCaMnVomla7gVlIcc3EvKPbTQ==

type-fest@^0.5.2:
  version "0.5.2"
  resolved "https://registry.yarnpkg.com/type-fest/-/type-fest-0.5.2.tgz#d6ef42a0356c6cd45f49485c3b6281fc148e48a2"
  integrity sha512-DWkS49EQKVX//Tbupb9TFa19c7+MK1XmzkrZUR8TAktmE/DizXoaoJV6TZ/tSIPXipqNiRI6CyAe7x69Jb6RSw==

utif@^2.0.1:
  version "2.0.1"
  resolved "https://registry.yarnpkg.com/utif/-/utif-2.0.1.tgz#9e1582d9bbd20011a6588548ed3266298e711759"
  integrity sha512-Z/S1fNKCicQTf375lIP9G8Sa1H/phcysstNrrSdZKj1f9g58J4NMgb5IgiEZN9/nLMPDwF0W7hdOe9Qq2IYoLg==
  dependencies:
    pako "^1.0.5"

util.promisify@~1.0.0:
  version "1.0.0"
  resolved "https://registry.yarnpkg.com/util.promisify/-/util.promisify-1.0.0.tgz#440f7165a459c9a16dc145eb8e72f35687097030"
  integrity sha512-i+6qA2MPhvoKLuxnJNpXAGhg7HphQOSUq2LKMZD0m15EiskXUkMvKdF4Uui0WYeCUGea+o2cw/ZuwehtfsrNkA==
  dependencies:
    define-properties "^1.1.2"
    object.getownpropertydescriptors "^2.0.3"

xhr@^2.0.1:
  version "2.5.0"
  resolved "https://registry.yarnpkg.com/xhr/-/xhr-2.5.0.tgz#bed8d1676d5ca36108667692b74b316c496e49dd"
  integrity sha512-4nlO/14t3BNUZRXIXfXe+3N6w3s1KoxcJUUURctd64BLRe67E4gRwp4PjywtDY72fXpZ1y6Ch0VZQRY/gMPzzQ==
  dependencies:
    global "~4.3.0"
    is-function "^1.0.1"
    parse-headers "^2.0.0"
    xtend "^4.0.0"

xml-parse-from-string@^1.0.0:
  version "1.0.1"
  resolved "https://registry.yarnpkg.com/xml-parse-from-string/-/xml-parse-from-string-1.0.1.tgz#a9029e929d3dbcded169f3c6e28238d95a5d5a28"
  integrity sha1-qQKekp09vN7RafPG4oI42VpdWig=

xml2js@^0.4.5:
  version "0.4.22"
  resolved "https://registry.yarnpkg.com/xml2js/-/xml2js-0.4.22.tgz#4fa2d846ec803237de86f30aa9b5f70b6600de02"
  integrity sha512-MWTbxAQqclRSTnehWWe5nMKzI3VmJ8ltiJEco8akcC6j3miOhjjfzKum5sId+CWhfxdOs/1xauYr8/ZDBtQiRw==
  dependencies:
    sax ">=0.6.0"
    util.promisify "~1.0.0"
    xmlbuilder "~11.0.0"

xmlbuilder@~11.0.0:
  version "11.0.1"
  resolved "https://registry.yarnpkg.com/xmlbuilder/-/xmlbuilder-11.0.1.tgz#be9bae1c8a046e76b31127726347d0ad7002beb3"
  integrity sha512-fDlsI/kFEx7gLvbecc0/ohLG50fugQp8ryHzMTuW9vSa1GJ0XYWKnhsUx7oie3G98+r56aTQIUB4kht42R3JvA==

xtend@^4.0.0:
  version "4.0.2"
  resolved "https://registry.yarnpkg.com/xtend/-/xtend-4.0.2.tgz#bb72779f5fa465186b1f438f674fa347fdb5db54"
  integrity sha512-LKYU1iAXJXUgAXn9URjiu+MWhyUXHsvfp7mcuYm9dSUKK0/CjtrUwFAxD82/mCWbtLsGjFIad0wIsod4zrTAEQ==
